Microsoft Visual Studio Solution File, Format Version 12.00
# Visual Studio Version 17
VisualStudioVersion = 17.5.2.0
MinimumVisualStudioVersion = 10.0.40219.1
Project("{2150E333-8FDC-42A3-9474-1A3956D46DE8}") = "Csharp", "Csharp", "{B41BF331-FCCB-2ADF-CDB6-767964B34647}"
EndProject
Project("{FAE04EC0-301F-11D3-BF4B-00C04F79EFBC}") = "MyFirstApp", "Csharp\MyFirstApp\MyFirstApp.csproj", "{A15FFA65-DF68-7018-8C04-8419EA25A765}"
EndProject
Global
	GlobalSection(SolutionConfigurationPlatforms) = preSolution
		Debug|Any CPU = Debug|Any CPU
		Release|Any CPU = Release|Any CPU
	EndGlobalSection
	GlobalSection(ProjectConfigurationPlatforms) = postSolution
		{A15FFA65-DF68-7018-8C04-8419EA25A765}.Debug|Any CPU.ActiveCfg = Debug|Any CPU
		{A15FFA65-DF68-7018-8C04-8419EA25A765}.Debug|Any CPU.Build.0 = Debug|Any CPU
		{A15FFA65-DF68-7018-8C04-8419EA25A765}.Release|Any CPU.ActiveCfg = Release|Any CPU
		{A15FFA65-DF68-7018-8C04-8419EA25A765}.Release|Any CPU.Build.0 = Release|Any CPU
	EndGlobalSection
	GlobalSection(SolutionProperties) = preSolution
		HideSolutionNode = FALSE
	EndGlobalSection
	GlobalSection(NestedProjects) = preSolution
		{A15FFA65-DF68-7018-8C04-8419EA25A765} = {B41BF331-FCCB-2ADF-CDB6-767964B34647}
	EndGlobalSection
	GlobalSection(ExtensibilityGlobals) = postSolution
		SolutionGuid = {6FDFE57F-49E7-4C55-AE1D-4EB45834D8E4}
	EndGlobalSection
EndGlobal
